Microsoft Visual Studio Solution File, Format Version 12.00
# Visual Studio 2012
Project("{FAE04EC0-301F-11D3-BF4B-00C04F79EFBC}") = "spacegolf", "spacegolf.csproj", "{F7BA7E88-17A8-4DFA-AA55-99E58945F453}"
EndProject
Global
	GlobalSection(SolutionConfigurationPlatforms) = preSolution
	Debug|Any CPU = Debug|Any CPU
	ExportDebug|Any CPU = ExportDebug|Any CPU
	ExportRelease|Any CPU = ExportRelease|Any CPU
	EndGlobalSection
	GlobalSection(ProjectConfigurationPlatforms) = postSolution
		{F7BA7E88-17A8-4DFA-AA55-99E58945F453}.Debug|Any CPU.ActiveCfg = Debug|Any CPU
		{F7BA7E88-17A8-4DFA-AA55-99E58945F453}.Debug|Any CPU.Build.0 = Debug|Any CPU
		{F7BA7E88-17A8-4DFA-AA55-99E58945F453}.ExportDebug|Any CPU.ActiveCfg = ExportDebug|Any CPU
		{F7BA7E88-17A8-4DFA-AA55-99E58945F453}.ExportDebug|Any CPU.Build.0 = ExportDebug|Any CPU
		{F7BA7E88-17A8-4DFA-AA55-99E58945F453}.ExportRelease|Any CPU.ActiveCfg = ExportRelease|Any CPU
		{F7BA7E88-17A8-4DFA-AA55-99E58945F453}.ExportRelease|Any CPU.Build.0 = ExportRelease|Any CPU
	EndGlobalSection
EndGlobal
